
Microsoft Visual Studio Solution File, Format Version 12.00
# Visual Studio Version 17
VisualStudioVersion = 17.5.002.0
MinimumVisualStudioVersion = 10.0.40219.1
Project("{9A19103F-16F7-4668-BE54-9A1E7A4F7556}") = "Develop03", "Develop03.csproj", "{681320A2-28E5-47D2-8FD9-10E8B97D9E1D}"
EndProject
Global
	GlobalSection(SolutionConfigurationPlatforms) = preSolution
		Debug|Any CPU = Debug|Any CPU
		Release|Any CPU = Release|Any CPU
	EndGlobalSection
	GlobalSection(ProjectConfigurationPlatforms) = postSolution
		{681320A2-28E5-47D2-8FD9-10E8B97D9E1D}.Debug|Any CPU.ActiveCfg = Debug|Any CPU
		{681320A2-28E5-47D2-8FD9-10E8B97D9E1D}.Debug|Any CPU.Build.0 = Debug|Any CPU
		{681320A2-28E5-47D2-8FD9-10E8B97D9E1D}.Release|Any CPU.ActiveCfg = Release|Any CPU
		{681320A2-28E5-47D2-8FD9-10E8B97D9E1D}.Release|Any CPU.Build.0 = Release|Any CPU
	EndGlobalSection
	GlobalSection(SolutionProperties) = preSolution
		HideSolutionNode = FALSE
	EndGlobalSection
	GlobalSection(ExtensibilityGlobals) = postSolution
		SolutionGuid = {55A73319-6FA5-488F-93E6-BEC018A09527}
	EndGlobalSection
EndGlobal
