
Microsoft Visual Studio Solution File, Format Version 12.00
# Visual Studio Version 17
VisualStudioVersion = 17.5.002.0
MinimumVisualStudioVersion = 10.0.40219.1
Project("{9A19103F-16F7-4668-BE54-9A1E7A4F7556}") = "Develop02", "Develop02.csproj", "{11AAB301-F6E6-40ED-92CC-C975385E0C9C}"
EndProject
Global
	GlobalSection(SolutionConfigurationPlatforms) = preSolution
		Debug|Any CPU = Debug|Any CPU
		Release|Any CPU = Release|Any CPU
	EndGlobalSection
	GlobalSection(ProjectConfigurationPlatforms) = postSolution
		{11AAB301-F6E6-40ED-92CC-C975385E0C9C}.Debug|Any CPU.ActiveCfg = Debug|Any CPU
		{11AAB301-F6E6-40ED-92CC-C975385E0C9C}.Debug|Any CPU.Build.0 = Debug|Any CPU
		{11AAB301-F6E6-40ED-92CC-C975385E0C9C}.Release|Any CPU.ActiveCfg = Release|Any CPU
		{11AAB301-F6E6-40ED-92CC-C975385E0C9C}.Release|Any CPU.Build.0 = Release|Any CPU
	EndGlobalSection
	GlobalSection(SolutionProperties) = preSolution
		HideSolutionNode = FALSE
	EndGlobalSection
	GlobalSection(ExtensibilityGlobals) = postSolution
		SolutionGuid = {16A5E754-8138-4AFA-B353-F5E609097314}
	EndGlobalSection
EndGlobal
